
Microsoft Visual Studio Solution File, Format Version 12.00
# Visual Studio Version 17
VisualStudioVersion = 17.1.32407.343
MinimumVisualStudioVersion = 10.0.40219.1
Project("{FAE04EC0-301F-11D3-BF4B-00C04F79EFBC}") = "BatalhaNaval", "BatalhaNaval\BatalhaNaval.csproj", "{6128A8C0-B681-4233-B4D6-B5AB14665FFF}"
EndProject
Global
	GlobalSection(SolutionConfigurationPlatforms) = preSolution
		Debug|Any CPU = Debug|Any CPU
		Release|Any CPU = Release|Any CPU
	EndGlobalSection
	GlobalSection(ProjectConfigurationPlatforms) = postSolution
		{6128A8C0-B681-4233-B4D6-B5AB14665FFF}.Debug|Any CPU.ActiveCfg = Debug|Any CPU
		{6128A8C0-B681-4233-B4D6-B5AB14665FFF}.Debug|Any CPU.Build.0 = Debug|Any CPU
		{6128A8C0-B681-4233-B4D6-B5AB14665FFF}.Release|Any CPU.ActiveCfg = Release|Any CPU
		{6128A8C0-B681-4233-B4D6-B5AB14665FFF}.Release|Any CPU.Build.0 = Release|Any CPU
	EndGlobalSection
	GlobalSection(SolutionProperties) = preSolution
		HideSolutionNode = FALSE
	EndGlobalSection
	GlobalSection(ExtensibilityGlobals) = postSolution
		SolutionGuid = {D37F3C88-F4CB-4437-8452-501840736D17}
	EndGlobalSection
EndGlobal
